// !$*UTF8*$!
{
	archiveVersion = 1;
	classes = {
	};
	objectVersion = 56;
	objects = {

/* Begin PBXBuildFile section */
		0D0003EB2B017A8B00743B02 /* XCTTestCase+MemoryLeakTracking.swift in Sources */ = {isa = PBXBuildFile; fileRef = 0DBE628F2AF8382D0070F0D5 /* XCTTestCase+MemoryLeakTracking.swift */; };
		0DBB90932AE7F14F00E31774 /* EssentialFeed.framework in Frameworks */ = {isa = PBXBuildFile; fileRef = 0DBB908A2AE7F14F00E31774 /* EssentialFeed.framework */; };
		0DBB90982AE7F14F00E31774 /* LoadFeedFromRemoteUseCaseTests.swift in Sources */ = {isa = PBXBuildFile; fileRef = 0DBB90972AE7F14F00E31774 /* LoadFeedFromRemoteUseCaseTests.swift */; };
		0DBB90992AE7F14F00E31774 /* EssentialFeed.h in Headers */ = {isa = PBXBuildFile; fileRef = 0DBB908D2AE7F14F00E31774 /* EssentialFeed.h */; settings = {ATTRIBUTES = (Public, ); }; };
		0DBB90A32AE7F18900E31774 /* FeedItem.swift in Sources */ = {isa = PBXBuildFile; fileRef = 0DBB90A22AE7F18900E31774 /* FeedItem.swift */; };
		0DBB90A52AE7F3A900E31774 /* FeedLoader.swift in Sources */ = {isa = PBXBuildFile; fileRef = 0DBB90A42AE7F3A900E31774 /* FeedLoader.swift */; };
		0DBB90AA2AE8153F00E31774 /* RemoteFeedLoader.swift in Sources */ = {isa = PBXBuildFile; fileRef = 0DBB90A92AE8153F00E31774 /* RemoteFeedLoader.swift */; };
		0DBE628C2AF54BA70070F0D5 /* URLSessionHTTPClientTests.swift in Sources */ = {isa = PBXBuildFile; fileRef = 0DBE628B2AF54BA70070F0D5 /* URLSessionHTTPClientTests.swift */; };
		0DBE62902AF8382D0070F0D5 /* XCTTestCase+MemoryLeakTracking.swift in Sources */ = {isa = PBXBuildFile; fileRef = 0DBE628F2AF8382D0070F0D5 /* XCTTestCase+MemoryLeakTracking.swift */; };
		0DE045EE2B110AA500942F5B /* CacheFeedUseCaseTests.swift in Sources */ = {isa = PBXBuildFile; fileRef = 0DE045EC2B110A6200942F5B /* CacheFeedUseCaseTests.swift */; };
		0DE045F12B14C7C100942F5B /* LocalFeedLoader.swift in Sources */ = {isa = PBXBuildFile; fileRef = 0DE045F02B14C7C100942F5B /* LocalFeedLoader.swift */; };
		0DE377D12AEC04DE00592CF8 /* HTTPClient.swift in Sources */ = {isa = PBXBuildFile; fileRef = 0DE377D02AEC04DE00592CF8 /* HTTPClient.swift */; };
		0DE377D32AEC054900592CF8 /* FeedItemsMapper.swift in Sources */ = {isa = PBXBuildFile; fileRef = 0DE377D22AEC054900592CF8 /* FeedItemsMapper.swift */; };
		0DE9EC042AFC298400C01E30 /* URLSessionHTTPClient.swift in Sources */ = {isa = PBXBuildFile; fileRef = 0DE9EC032AFC298400C01E30 /* URLSessionHTTPClient.swift */; };
		0DE9EC322B00023200C01E30 /* EssentialFeedAPIEndToEndTests.swift in Sources */ = {isa = PBXBuildFile; fileRef = 0DE9EC312B00023200C01E30 /* EssentialFeedAPIEndToEndTests.swift */; };
		0DE9EC332B00023200C01E30 /* EssentialFeed.framework in Frameworks */ = {isa = PBXBuildFile; fileRef = 0DBB908A2AE7F14F00E31774 /* EssentialFeed.framework */; };
/* End PBXBuildFile section */

/* Begin PBXContainerItemProxy section */
		0DBB90942AE7F14F00E31774 /* PBXContainerItemProxy */ = {
			isa = PBXContainerItemProxy;
			containerPortal = 0DBB90812AE7F14F00E31774 /* Project object */;
			proxyType = 1;
			remoteGlobalIDString = 0DBB90892AE7F14F00E31774;
			remoteInfo = EssentialFeed;
		};
		0DE9EC342B00023200C01E30 /* PBXContainerItemProxy */ = {
			isa = PBXContainerItemProxy;
			containerPortal = 0DBB90812AE7F14F00E31774 /* Project object */;
			proxyType = 1;
			remoteGlobalIDString = 0DBB90892AE7F14F00E31774;
			remoteInfo = EssentialFeed;
		};
/* End PBXContainerItemProxy section */

/* Begin PBXFileReference section */
		0DBB908A2AE7F14F00E31774 /* EssentialFeed.framework */ = {isa = PBXFileReference; explicitFileType = wrapper.framework; includeInIndex = 0; path = EssentialFeed.framework; sourceTree = BUILT_PRODUCTS_DIR; };
		0DBB908D2AE7F14F00E31774 /* EssentialFeed.h */ = {isa = PBXFileReference; lastKnownFileType = sourcecode.c.h; path = EssentialFeed.h; sourceTree = "<group>"; };
		0DBB90922AE7F14F00E31774 /* EssentialFeedTests.xctest */ = {isa = PBXFileReference; explicitFileType = wrapper.cfbundle; includeInIndex = 0; path = EssentialFeedTests.xctest; sourceTree = BUILT_PRODUCTS_DIR; };
		0DBB90972AE7F14F00E31774 /* LoadFeedFromRemoteUseCaseTests.swift */ = {isa = PBXFileReference; lastKnownFileType = sourcecode.swift; path = LoadFeedFromRemoteUseCaseTests.swift; sourceTree = "<group>"; };
		0DBB90A22AE7F18900E31774 /* FeedItem.swift */ = {isa = PBXFileReference; lastKnownFileType = sourcecode.swift; path = FeedItem.swift; sourceTree = "<group>"; };
		0DBB90A42AE7F3A900E31774 /* FeedLoader.swift */ = {isa = PBXFileReference; lastKnownFileType = sourcecode.swift; path = FeedLoader.swift; sourceTree = "<group>"; };
		0DBB90A92AE8153F00E31774 /* RemoteFeedLoader.swift */ = {isa = PBXFileReference; lastKnownFileType = sourcecode.swift; path = RemoteFeedLoader.swift; sourceTree = "<group>"; };
		0DBE628B2AF54BA70070F0D5 /* URLSessionHTTPClientTests.swift */ = {isa = PBXFileReference; lastKnownFileType = sourcecode.swift; path = URLSessionHTTPClientTests.swift; sourceTree = "<group>"; };
		0DBE628F2AF8382D0070F0D5 /* XCTTestCase+MemoryLeakTracking.swift */ = {isa = PBXFileReference; lastKnownFileType = sourcecode.swift; path = "XCTTestCase+MemoryLeakTracking.swift"; sourceTree = "<group>"; };
		0DE045EC2B110A6200942F5B /* CacheFeedUseCaseTests.swift */ = {isa = PBXFileReference; lastKnownFileType = sourcecode.swift; path = CacheFeedUseCaseTests.swift; sourceTree = "<group>"; };
		0DE045F02B14C7C100942F5B /* LocalFeedLoader.swift */ = {isa = PBXFileReference; lastKnownFileType = sourcecode.swift; path = LocalFeedLoader.swift; sourceTree = "<group>"; };
		0DE377D02AEC04DE00592CF8 /* HTTPClient.swift */ = {isa = PBXFileReference; lastKnownFileType = sourcecode.swift; path = HTTPClient.swift; sourceTree = "<group>"; };
		0DE377D22AEC054900592CF8 /* FeedItemsMapper.swift */ = {isa = PBXFileReference; lastKnownFileType = sourcecode.swift; path = FeedItemsMapper.swift; sourceTree = "<group>"; };
		0DE9EC032AFC298400C01E30 /* URLSessionHTTPClient.swift */ = {isa = PBXFileReference; lastKnownFileType = sourcecode.swift; path = URLSessionHTTPClient.swift; sourceTree = "<group>"; };
		0DE9EC2F2B00023200C01E30 /* EssentialFeedAPIEndToEndTests.xctest */ = {isa = PBXFileReference; explicitFileType = wrapper.cfbundle; includeInIndex = 0; path = EssentialFeedAPIEndToEndTests.xctest; sourceTree = BUILT_PRODUCTS_DIR; };
		0DE9EC312B00023200C01E30 /* EssentialFeedAPIEndToEndTests.swift */ = {isa = PBXFileReference; lastKnownFileType = sourcecode.swift; path = EssentialFeedAPIEndToEndTests.swift; sourceTree = "<group>"; };
/* End PBXFileReference section */

/* Begin PBXFrameworksBuildPhase section */
		0DBB90872AE7F14F00E31774 /* Frameworks */ = {
			isa = PBXFrameworksBuildPhase;
			buildActionMask = 2147483647;
			files = (
			);
			runOnlyForDeploymentPostprocessing = 0;
		};
		0DBB908F2AE7F14F00E31774 /* Frameworks */ = {
			isa = PBXFrameworksBuildPhase;
			buildActionMask = 2147483647;
			files = (
				0DBB90932AE7F14F00E31774 /* EssentialFeed.framework in Frameworks */,
			);
			runOnlyForDeploymentPostprocessing = 0;
		};
		0DE9EC2C2B00023200C01E30 /* Frameworks */ = {
			isa = PBXFrameworksBuildPhase;
			buildActionMask = 2147483647;
			files = (
				0DE9EC332B00023200C01E30 /* EssentialFeed.framework in Frameworks */,
			);
			runOnlyForDeploymentPostprocessing = 0;
		};
/* End PBXFrameworksBuildPhase section */

/* Begin PBXGroup section */
		0DBB90802AE7F14F00E31774 = {
			isa = PBXGroup;
			children = (
				0DBB908C2AE7F14F00E31774 /* EssentialFeed */,
				0DBB90962AE7F14F00E31774 /* EssentialFeedTests */,
				0DE9EC302B00023200C01E30 /* EssentialFeedAPIEndToEndTests */,
				0DBB908B2AE7F14F00E31774 /* Products */,
			);
			sourceTree = "<group>";
		};
		0DBB908B2AE7F14F00E31774 /* Products */ = {
			isa = PBXGroup;
			children = (
				0DBB908A2AE7F14F00E31774 /* EssentialFeed.framework */,
				0DBB90922AE7F14F00E31774 /* EssentialFeedTests.xctest */,
				0DE9EC2F2B00023200C01E30 /* EssentialFeedAPIEndToEndTests.xctest */,
			);
			name = Products;
			sourceTree = "<group>";
		};
		0DBB908C2AE7F14F00E31774 /* EssentialFeed */ = {
			isa = PBXGroup;
			children = (
				0DE045EF2B14C7A500942F5B /* Feed Cache */,
				0DBB90A62AE7F4E100E31774 /* Feed Feature */,
				0DBB90A82AE8151C00E31774 /* Feed API */,
				0DBB908D2AE7F14F00E31774 /* EssentialFeed.h */,
			);
			path = EssentialFeed;
			sourceTree = "<group>";
		};
		0DBB90962AE7F14F00E31774 /* EssentialFeedTests */ = {
			isa = PBXGroup;
			children = (
				0DBE628E2AF837FA0070F0D5 /* Helpers */,
				0DE377D42AEC160D00592CF8 /* Feed API */,
				0DE045EB2B110A2800942F5B /* Feed Cache */,
			);
			path = EssentialFeedTests;
			sourceTree = "<group>";
		};
		0DBB90A62AE7F4E100E31774 /* Feed Feature */ = {
			isa = PBXGroup;
			children = (
				0DBB90A22AE7F18900E31774 /* FeedItem.swift */,
				0DBB90A42AE7F3A900E31774 /* FeedLoader.swift */,
			);
			path = "Feed Feature";
			sourceTree = "<group>";
		};
		0DBB90A82AE8151C00E31774 /* Feed API */ = {
			isa = PBXGroup;
			children = (
				0DBB90A92AE8153F00E31774 /* RemoteFeedLoader.swift */,
				0DE377D02AEC04DE00592CF8 /* HTTPClient.swift */,
				0DE377D22AEC054900592CF8 /* FeedItemsMapper.swift */,
				0DE9EC032AFC298400C01E30 /* URLSessionHTTPClient.swift */,
			);
			path = "Feed API";
			sourceTree = "<group>";
		};
		0DBE628E2AF837FA0070F0D5 /* Helpers */ = {
			isa = PBXGroup;
			children = (
				0DBE628F2AF8382D0070F0D5 /* XCTTestCase+MemoryLeakTracking.swift */,
			);
			path = Helpers;
			sourceTree = "<group>";
		};
		0DE045EB2B110A2800942F5B /* Feed Cache */ = {
			isa = PBXGroup;
			children = (
				0DE045EC2B110A6200942F5B /* CacheFeedUseCaseTests.swift */,
			);
			path = "Feed Cache";
			sourceTree = "<group>";
		};
		0DE045EF2B14C7A500942F5B /* Feed Cache */ = {
			isa = PBXGroup;
			children = (
				0DE045F02B14C7C100942F5B /* LocalFeedLoader.swift */,
			);
			path = "Feed Cache";
			sourceTree = "<group>";
		};
		0DE377D42AEC160D00592CF8 /* Feed API */ = {
			isa = PBXGroup;
			children = (
				0DBB90972AE7F14F00E31774 /* LoadFeedFromRemoteUseCaseTests.swift */,
				0DBE628B2AF54BA70070F0D5 /* URLSessionHTTPClientTests.swift */,
			);
			path = "Feed API";
			sourceTree = "<group>";
		};
		0DE9EC302B00023200C01E30 /* EssentialFeedAPIEndToEndTests */ = {
			isa = PBXGroup;
			children = (
				0DE9EC312B00023200C01E30 /* EssentialFeedAPIEndToEndTests.swift */,
			);
			path = EssentialFeedAPIEndToEndTests;
			sourceTree = "<group>";
		};
/* End PBXGroup section */

/* Begin PBXHeadersBuildPhase section */
		0DBB90852AE7F14F00E31774 /* Headers */ = {
			isa = PBXHeadersBuildPhase;
			buildActionMask = 2147483647;
			files = (
				0DBB90992AE7F14F00E31774 /* EssentialFeed.h in Headers */,
			);
			runOnlyForDeploymentPostprocessing = 0;
		};
/* End PBXHeadersBuildPhase section */

/* Begin PBXNativeTarget section */
		0DBB90892AE7F14F00E31774 /* EssentialFeed */ = {
			isa = PBXNativeTarget;
			buildConfigurationList = 0DBB909C2AE7F14F00E31774 /* Build configuration list for PBXNativeTarget "EssentialFeed" */;
			buildPhases = (
				0DBB90852AE7F14F00E31774 /* Headers */,
				0DBB90862AE7F14F00E31774 /* Sources */,
				0DBB90872AE7F14F00E31774 /* Frameworks */,
				0DBB90882AE7F14F00E31774 /* Resources */,
			);
			buildRules = (
			);
			dependencies = (
			);
			name = EssentialFeed;
			productName = EssentialFeed;
			productReference = 0DBB908A2AE7F14F00E31774 /* EssentialFeed.framework */;
			productType = "com.apple.product-type.framework";
		};
		0DBB90912AE7F14F00E31774 /* EssentialFeedTests */ = {
			isa = PBXNativeTarget;
			buildConfigurationList = 0DBB909F2AE7F14F00E31774 /* Build configuration list for PBXNativeTarget "EssentialFeedTests" */;
			buildPhases = (
				0DBB908E2AE7F14F00E31774 /* Sources */,
				0DBB908F2AE7F14F00E31774 /* Frameworks */,
				0DBB90902AE7F14F00E31774 /* Resources */,
			);
			buildRules = (
			);
			dependencies = (
				0DBB90952AE7F14F00E31774 /* PBXTargetDependency */,
			);
			name = EssentialFeedTests;
			productName = EssentialFeedTests;
			productReference = 0DBB90922AE7F14F00E31774 /* EssentialFeedTests.xctest */;
			productType = "com.apple.product-type.bundle.unit-test";
		};
		0DE9EC2E2B00023200C01E30 /* EssentialFeedAPIEndToEndTests */ = {
			isa = PBXNativeTarget;
			buildConfigurationList = 0DE9EC382B00023200C01E30 /* Build configuration list for PBXNativeTarget "EssentialFeedAPIEndToEndTests" */;
			buildPhases = (
				0DE9EC2B2B00023200C01E30 /* Sources */,
				0DE9EC2C2B00023200C01E30 /* Frameworks */,
				0DE9EC2D2B00023200C01E30 /* Resources */,
			);
			buildRules = (
			);
			dependencies = (
				0DE9EC352B00023200C01E30 /* PBXTargetDependency */,
			);
			name = EssentialFeedAPIEndToEndTests;
			productName = EssentialFeedAPIEndToEndTests;
			productReference = 0DE9EC2F2B00023200C01E30 /* EssentialFeedAPIEndToEndTests.xctest */;
			productType = "com.apple.product-type.bundle.unit-test";
		};
/* End PBXNativeTarget section */

/* Begin PBXProject section */
		0DBB90812AE7F14F00E31774 /* Project object */ = {
			isa = PBXProject;
			attributes = {
				BuildIndependentTargetsInParallel = 1;
				LastSwiftUpdateCheck = 1420;
				LastUpgradeCheck = 1420;
				TargetAttributes = {
					0DBB90892AE7F14F00E31774 = {
						CreatedOnToolsVersion = 14.2;
						LastSwiftMigration = 1420;
					};
					0DBB90912AE7F14F00E31774 = {
						CreatedOnToolsVersion = 14.2;
					};
					0DE9EC2E2B00023200C01E30 = {
						CreatedOnToolsVersion = 14.2;
					};
				};
			};
			buildConfigurationList = 0DBB90842AE7F14F00E31774 /* Build configuration list for PBXProject "EssentialFeed" */;
			compatibilityVersion = "Xcode 14.0";
			developmentRegion = en;
			hasScannedForEncodings = 0;
			knownRegions = (
				en,
				Base,
			);
			mainGroup = 0DBB90802AE7F14F00E31774;
			productRefGroup = 0DBB908B2AE7F14F00E31774 /* Products */;
			projectDirPath = "";
			projectRoot = "";
			targets = (
				0DBB90892AE7F14F00E31774 /* EssentialFeed */,
				0DBB90912AE7F14F00E31774 /* EssentialFeedTests */,
				0DE9EC2E2B00023200C01E30 /* EssentialFeedAPIEndToEndTests */,
			);
		};
/* End PBXProject section */

/* Begin PBXResourcesBuildPhase section */
		0DBB90882AE7F14F00E31774 /* Resources */ = {
			isa = PBXResourcesBuildPhase;
			buildActionMask = 2147483647;
			files = (
			);
			runOnlyForDeploymentPostprocessing = 0;
		};
		0DBB90902AE7F14F00E31774 /* Resources */ = {
			isa = PBXResourcesBuildPhase;
			buildActionMask = 2147483647;
			files = (
			);
			runOnlyForDeploymentPostprocessing = 0;
		};
		0DE9EC2D2B00023200C01E30 /* Resources */ = {
			isa = PBXResourcesBuildPhase;
			buildActionMask = 2147483647;
			files = (
			);
			runOnlyForDeploymentPostprocessing = 0;
		};
/* End PBXResourcesBuildPhase section */

/* Begin PBXSourcesBuildPhase section */
		0DBB90862AE7F14F00E31774 /* Sources */ = {
			isa = PBXSourcesBuildPhase;
			buildActionMask = 2147483647;
			files = (
				0DE377D32AEC054900592CF8 /* FeedItemsMapper.swift in Sources */,
				0DBB90A52AE7F3A900E31774 /* FeedLoader.swift in Sources */,
				0DBB90AA2AE8153F00E31774 /* RemoteFeedLoader.swift in Sources */,
				0DE045F12B14C7C100942F5B /* LocalFeedLoader.swift in Sources */,
				0DE377D12AEC04DE00592CF8 /* HTTPClient.swift in Sources */,
				0DBB90A32AE7F18900E31774 /* FeedItem.swift in Sources */,
				0DE9EC042AFC298400C01E30 /* URLSessionHTTPClient.swift in Sources */,
			);
			runOnlyForDeploymentPostprocessing = 0;
		};
		0DBB908E2AE7F14F00E31774 /* Sources */ = {
			isa = PBXSourcesBuildPhase;
			buildActionMask = 2147483647;
			files = (
				0DBB90982AE7F14F00E31774 /* LoadFeedFromRemoteUseCaseTests.swift in Sources */,
				0DBE628C2AF54BA70070F0D5 /* URLSessionHTTPClientTests.swift in Sources */,
				0DE045EE2B110AA500942F5B /* CacheFeedUseCaseTests.swift in Sources */,
				0DBE62902AF8382D0070F0D5 /* XCTTestCase+MemoryLeakTracking.swift in Sources */,
			);
			runOnlyForDeploymentPostprocessing = 0;
		};
		0DE9EC2B2B00023200C01E30 /* Sources */ = {
			isa = PBXSourcesBuildPhase;
			buildActionMask = 2147483647;
			files = (
				0D0003EB2B017A8B00743B02 /* XCTTestCase+MemoryLeakTracking.swift in Sources */,
				0DE9EC322B00023200C01E30 /* EssentialFeedAPIEndToEndTests.swift in Sources */,
			);
			runOnlyForDeploymentPostprocessing = 0;
		};
/* End PBXSourcesBuildPhase section */

/* Begin PBXTargetDependency section */
		0DBB90952AE7F14F00E31774 /* PBXTargetDependency */ = {
			isa = PBXTargetDependency;
			target = 0DBB90892AE7F14F00E31774 /* EssentialFeed */;
			targetProxy = 0DBB90942AE7F14F00E31774 /* PBXContainerItemProxy */;
		};
		0DE9EC352B00023200C01E30 /* PBXTargetDependency */ = {
			isa = PBXTargetDependency;
			target = 0DBB90892AE7F14F00E31774 /* EssentialFeed */;
			targetProxy = 0DE9EC342B00023200C01E30 /* PBXContainerItemProxy */;
		};
/* End PBXTargetDependency section */

/* Begin XCBuildConfiguration section */
		0DBB909A2AE7F14F00E31774 /* Debug */ = {
			isa = XCBuildConfiguration;
			buildSettings = {
				ALWAYS_SEARCH_USER_PATHS = NO;
				CLANG_ANALYZER_NONNULL = YES;
				CLANG_ANALYZER_NUMBER_OBJECT_CONVERSION = YES_AGGRESSIVE;
				CLANG_CXX_LANGUAGE_STANDARD = "gnu++20";
				CLANG_ENABLE_MODULES = YES;
				CLANG_ENABLE_OBJC_ARC = YES;
				CLANG_ENABLE_OBJC_WEAK = YES;
				CLANG_WARN_BLOCK_CAPTURE_AUTORELEASING = YES;
				CLANG_WARN_BOOL_CONVERSION = YES;
				CLANG_WARN_COMMA = YES;
				CLANG_WARN_CONSTANT_CONVERSION = YES;
				CLANG_WARN_DEPRECATED_OBJC_IMPLEMENTATIONS = YES;
				CLANG_WARN_DIRECT_OBJC_ISA_USAGE = YES_ERROR;
				CLANG_WARN_DOCUMENTATION_COMMENTS = YES;
				CLANG_WARN_EMPTY_BODY = YES;
				CLANG_WARN_ENUM_CONVERSION = YES;
				CLANG_WARN_INFINITE_RECURSION = YES;
				CLANG_WARN_INT_CONVERSION = YES;
				CLANG_WARN_NON_LITERAL_NULL_CONVERSION = YES;
				CLANG_WARN_OBJC_IMPLICIT_RETAIN_SELF = YES;
				CLANG_WARN_OBJC_LITERAL_CONVERSION = YES;
				CLANG_WARN_OBJC_ROOT_CLASS = YES_ERROR;
				CLANG_WARN_QUOTED_INCLUDE_IN_FRAMEWORK_HEADER = YES;
				CLANG_WARN_RANGE_LOOP_ANALYSIS = YES;
				CLANG_WARN_STRICT_PROTOTYPES = YES;
				CLANG_WARN_SUSPICIOUS_MOVE = YES;
				CLANG_WARN_UNGUARDED_AVAILABILITY = YES_AGGRESSIVE;
				CLANG_WARN_UNREACHABLE_CODE = YES;
				CLANG_WARN__DUPLICATE_METHOD_MATCH = YES;
				COPY_PHASE_STRIP = NO;
				CURRENT_PROJECT_VERSION = 1;
				DEBUG_INFORMATION_FORMAT = dwarf;
				ENABLE_STRICT_OBJC_MSGSEND = YES;
				ENABLE_TESTABILITY = YES;
				GCC_C_LANGUAGE_STANDARD = gnu11;
				GCC_DYNAMIC_NO_PIC = NO;
				GCC_NO_COMMON_BLOCKS = YES;
				GCC_OPTIMIZATION_LEVEL = 0;
				GCC_PREPROCESSOR_DEFINITIONS = (
					"DEBUG=1",
					"$(inherited)",
				);
				GCC_WARN_64_TO_32_BIT_CONVERSION = YES;
				GCC_WARN_ABOUT_RETURN_TYPE = YES_ERROR;
				GCC_WARN_UNDECLARED_SELECTOR = YES;
				GCC_WARN_UNINITIALIZED_AUTOS = YES_AGGRESSIVE;
				GCC_WARN_UNUSED_FUNCTION = YES;
				GCC_WARN_UNUSED_VARIABLE = YES;
				MACOSX_DEPLOYMENT_TARGET = 12.5;
				MTL_ENABLE_DEBUG_INFO = INCLUDE_SOURCE;
				MTL_FAST_MATH = YES;
				ONLY_ACTIVE_ARCH = YES;
				SDKROOT = macosx;
				SWIFT_ACTIVE_COMPILATION_CONDITIONS = DEBUG;
				SWIFT_OPTIMIZATION_LEVEL = "-Onone";
				VERSIONING_SYSTEM = "apple-generic";
				VERSION_INFO_PREFIX = "";
			};
			name = Debug;
		};
		0DBB909B2AE7F14F00E31774 /* Release */ = {
			isa = XCBuildConfiguration;
			buildSettings = {
				ALWAYS_SEARCH_USER_PATHS = NO;
				CLANG_ANALYZER_NONNULL = YES;
				CLANG_ANALYZER_NUMBER_OBJECT_CONVERSION = YES_AGGRESSIVE;
				CLANG_CXX_LANGUAGE_STANDARD = "gnu++20";
				CLANG_ENABLE_MODULES = YES;
				CLANG_ENABLE_OBJC_ARC = YES;
				CLANG_ENABLE_OBJC_WEAK = YES;
				CLANG_WARN_BLOCK_CAPTURE_AUTORELEASING = YES;
				CLANG_WARN_BOOL_CONVERSION = YES;
				CLANG_WARN_COMMA = YES;
				CLANG_WARN_CONSTANT_CONVERSION = YES;
				CLANG_WARN_DEPRECATED_OBJC_IMPLEMENTATIONS = YES;
				CLANG_WARN_DIRECT_OBJC_ISA_USAGE = YES_ERROR;
				CLANG_WARN_DOCUMENTATION_COMMENTS = YES;
				CLANG_WARN_EMPTY_BODY = YES;
				CLANG_WARN_ENUM_CONVERSION = YES;
				CLANG_WARN_INFINITE_RECURSION = YES;
				CLANG_WARN_INT_CONVERSION = YES;
				CLANG_WARN_NON_LITERAL_NULL_CONVERSION = YES;
				CLANG_WARN_OBJC_IMPLICIT_RETAIN_SELF = YES;
				CLANG_WARN_OBJC_LITERAL_CONVERSION = YES;
				CLANG_WARN_OBJC_ROOT_CLASS = YES_ERROR;
				CLANG_WARN_QUOTED_INCLUDE_IN_FRAMEWORK_HEADER = YES;
				CLANG_WARN_RANGE_LOOP_ANALYSIS = YES;
				CLANG_WARN_STRICT_PROTOTYPES = YES;
				CLANG_WARN_SUSPICIOUS_MOVE = YES;
				CLANG_WARN_UNGUARDED_AVAILABILITY = YES_AGGRESSIVE;
				CLANG_WARN_UNREACHABLE_CODE = YES;
				CLANG_WARN__DUPLICATE_METHOD_MATCH = YES;
				COPY_PHASE_STRIP = NO;
				CURRENT_PROJECT_VERSION = 1;
				DEBUG_INFORMATION_FORMAT = "dwarf-with-dsym";
				ENABLE_NS_ASSERTIONS = NO;
				ENABLE_STRICT_OBJC_MSGSEND = YES;
				GCC_C_LANGUAGE_STANDARD = gnu11;
				GCC_NO_COMMON_BLOCKS = YES;
				GCC_WARN_64_TO_32_BIT_CONVERSION = YES;
				GCC_WARN_ABOUT_RETURN_TYPE = YES_ERROR;
				GCC_WARN_UNDECLARED_SELECTOR = YES;
				GCC_WARN_UNINITIALIZED_AUTOS = YES_AGGRESSIVE;
				GCC_WARN_UNUSED_FUNCTION = YES;
				GCC_WARN_UNUSED_VARIABLE = YES;
				MACOSX_DEPLOYMENT_TARGET = 12.5;
				MTL_ENABLE_DEBUG_INFO = NO;
				MTL_FAST_MATH = YES;
				SDKROOT = macosx;
				SWIFT_COMPILATION_MODE = wholemodule;
				SWIFT_OPTIMIZATION_LEVEL = "-O";
				VERSIONING_SYSTEM = "apple-generic";
				VERSION_INFO_PREFIX = "";
			};
			name = Release;
		};
		0DBB909D2AE7F14F00E31774 /* Debug */ = {
			isa = XCBuildConfiguration;
			buildSettings = {
				CLANG_ENABLE_MODULES = YES;
				CODE_SIGN_STYLE = Automatic;
				COMBINE_HIDPI_IMAGES = YES;
				CURRENT_PROJECT_VERSION = 1;
				DEFINES_MODULE = YES;
				DEVELOPMENT_TEAM = 4F7RJUVM45;
				DYLIB_COMPATIBILITY_VERSION = 1;
				DYLIB_CURRENT_VERSION = 1;
				DYLIB_INSTALL_NAME_BASE = "@rpath";
				GENERATE_INFOPLIST_FILE = YES;
				INFOPLIST_KEY_NSHumanReadableCopyright = "";
				INSTALL_PATH = "$(LOCAL_LIBRARY_DIR)/Frameworks";
				LD_RUNPATH_SEARCH_PATHS = (
					"$(inherited)",
					"@executable_path/../Frameworks",
					"@loader_path/Frameworks",
				);
				MARKETING_VERSION = 1.0;
				PRODUCT_BUNDLE_IDENTIFIER = com.ca.essentialFeed.EssentialFeed;
				PRODUCT_NAME = "$(TARGET_NAME:c99extidentifier)";
				SKIP_INSTALL = YES;
				SWIFT_EMIT_LOC_STRINGS = YES;
				SWIFT_OPTIMIZATION_LEVEL = "-Onone";
				SWIFT_VERSION = 5.0;
			};
			name = Debug;
		};
		0DBB909E2AE7F14F00E31774 /* Release */ = {
			isa = XCBuildConfiguration;
			buildSettings = {
				CLANG_ENABLE_MODULES = YES;
				CODE_SIGN_STYLE = Automatic;
				COMBINE_HIDPI_IMAGES = YES;
				CURRENT_PROJECT_VERSION = 1;
				DEFINES_MODULE = YES;
				DEVELOPMENT_TEAM = 4F7RJUVM45;
				DYLIB_COMPATIBILITY_VERSION = 1;
				DYLIB_CURRENT_VERSION = 1;
				DYLIB_INSTALL_NAME_BASE = "@rpath";
				GENERATE_INFOPLIST_FILE = YES;
				INFOPLIST_KEY_NSHumanReadableCopyright = "";
				INSTALL_PATH = "$(LOCAL_LIBRARY_DIR)/Frameworks";
				LD_RUNPATH_SEARCH_PATHS = (
					"$(inherited)",
					"@executable_path/../Frameworks",
					"@loader_path/Frameworks",
				);
				MARKETING_VERSION = 1.0;
				PRODUCT_BUNDLE_IDENTIFIER = com.ca.essentialFeed.EssentialFeed;
				PRODUCT_NAME = "$(TARGET_NAME:c99extidentifier)";
				SKIP_INSTALL = YES;
				SWIFT_EMIT_LOC_STRINGS = YES;
				SWIFT_VERSION = 5.0;
			};
			name = Release;
		};
		0DBB90A02AE7F14F00E31774 /* Debug */ = {
			isa = XCBuildConfiguration;
			buildSettings = {
				ALWAYS_EMBED_SWIFT_STANDARD_LIBRARIES = YES;
				CODE_SIGN_STYLE = Automatic;
				CURRENT_PROJECT_VERSION = 1;
				DEVELOPMENT_TEAM = 4F7RJUVM45;
				GENERATE_INFOPLIST_FILE = YES;
				MARKETING_VERSION = 1.0;
				PRODUCT_BUNDLE_IDENTIFIER = com.ca.essentialFeed.EssentialFeedTests;
				PRODUCT_NAME = "$(TARGET_NAME)";
				SWIFT_EMIT_LOC_STRINGS = NO;
				SWIFT_VERSION = 5.0;
			};
			name = Debug;
		};
		0DBB90A12AE7F14F00E31774 /* Release */ = {
			isa = XCBuildConfiguration;
			buildSettings = {
				ALWAYS_EMBED_SWIFT_STANDARD_LIBRARIES = YES;
				CODE_SIGN_STYLE = Automatic;
				CURRENT_PROJECT_VERSION = 1;
				DEVELOPMENT_TEAM = 4F7RJUVM45;
				GENERATE_INFOPLIST_FILE = YES;
				MARKETING_VERSION = 1.0;
				PRODUCT_BUNDLE_IDENTIFIER = com.ca.essentialFeed.EssentialFeedTests;
				PRODUCT_NAME = "$(TARGET_NAME)";
				SWIFT_EMIT_LOC_STRINGS = NO;
				SWIFT_VERSION = 5.0;
			};
			name = Release;
		};
		0DE9EC362B00023200C01E30 /* Debug */ = {
			isa = XCBuildConfiguration;
			buildSettings = {
				CODE_SIGN_STYLE = Automatic;
				CURRENT_PROJECT_VERSION = 1;
				DEVELOPMENT_TEAM = 4F7RJUVM45;
				GENERATE_INFOPLIST_FILE = YES;
				MARKETING_VERSION = 1.0;
				PRODUCT_BUNDLE_IDENTIFIER = com.ca.essentialFeed.EssentialFeedAPIEndToEndTests;
				PRODUCT_NAME = "$(TARGET_NAME)";
				SWIFT_EMIT_LOC_STRINGS = NO;
				SWIFT_VERSION = 5.0;
			};
			name = Debug;
		};
		0DE9EC372B00023200C01E30 /* Release */ = {
			isa = XCBuildConfiguration;
			buildSettings = {
				CODE_SIGN_STYLE = Automatic;
				CURRENT_PROJECT_VERSION = 1;
				DEVELOPMENT_TEAM = 4F7RJUVM45;
				GENERATE_INFOPLIST_FILE = YES;
				MARKETING_VERSION = 1.0;
				PRODUCT_BUNDLE_IDENTIFIER = com.ca.essentialFeed.EssentialFeedAPIEndToEndTests;
				PRODUCT_NAME = "$(TARGET_NAME)";
				SWIFT_EMIT_LOC_STRINGS = NO;
				SWIFT_VERSION = 5.0;
			};
			name = Release;
		};
/* End XCBuildConfiguration section */

/* Begin XCConfigurationList section */
		0DBB90842AE7F14F00E31774 /* Build configuration list for PBXProject "EssentialFeed" */ = {
			isa = XCConfigurationList;
			buildConfigurations = (
				0DBB909A2AE7F14F00E31774 /* Debug */,
				0DBB909B2AE7F14F00E31774 /* Release */,
			);
			defaultConfigurationIsVisible = 0;
			defaultConfigurationName = Release;
		};
		0DBB909C2AE7F14F00E31774 /* Build configuration list for PBXNativeTarget "EssentialFeed" */ = {
			isa = XCConfigurationList;
			buildConfigurations = (
				0DBB909D2AE7F14F00E31774 /* Debug */,
				0DBB909E2AE7F14F00E31774 /* Release */,
			);
			defaultConfigurationIsVisible = 0;
			defaultConfigurationName = Release;
		};
		0DBB909F2AE7F14F00E31774 /* Build configuration list for PBXNativeTarget "EssentialFeedTests" */ = {
			isa = XCConfigurationList;
			buildConfigurations = (
				0DBB90A02AE7F14F00E31774 /* Debug */,
				0DBB90A12AE7F14F00E31774 /* Release */,
			);
			defaultConfigurationIsVisible = 0;
			defaultConfigurationName = Release;
		};
		0DE9EC382B00023200C01E30 /* Build configuration list for PBXNativeTarget "EssentialFeedAPIEndToEndTests" */ = {
			isa = XCConfigurationList;
			buildConfigurations = (
				0DE9EC362B00023200C01E30 /* Debug */,
				0DE9EC372B00023200C01E30 /* Release */,
			);
			defaultConfigurationIsVisible = 0;
			defaultConfigurationName = Release;
		};
/* End XCConfigurationList section */
	};
	rootObject = 0DBB90812AE7F14F00E31774 /* Project object */;
}
